{
  "version": 4,
  "terraform_version": "1.11.2",
  "serial": 50,
  "lineage": "c2ee85f3-3568-bb63-6b62-ac51f9bb4b1c",
  "outputs": {},
  "resources": [
    {
      "module": "module.canary",
      "mode": "data",
      "type": "aws_caller_identity",
      "name": "current",
      "provider": "module.canary.provider[\"registry.terraform.io/hashicorp/aws\"]",
      "instances": [
        {
          "schema_version": 0,
          "attributes": {
            "account_id": "975351939056",
            "arn": "arn:aws:iam::975351939056:root",
            "id": "975351939056",
            "user_id": "975351939056"
          },
          "sensitive_attributes": []
        }
      ]
    },
    {
      "module": "module.canary",
      "mode": "data",
      "type": "aws_iam_role",
      "name": "role",
      "provider": "module.canary.provider[\"registry.terraform.io/hashicorp/aws\"]",
      "instances": [
        {
          "schema_version": 0,
          "attributes": {
            "arn": "arn:aws:iam::975351939056:role/canary-role",
            "assume_role_policy": "{\"Version\":\"2012-10-17\",\"Statement\":[{\"Effect\":\"Allow\",\"Principal\":{\"Service\":\"lambda.amazonaws.com\"},\"Action\":\"sts:AssumeRole\"}]}",
            "create_date": "2025-04-20T19:02:41Z",
            "description": "IAM role for AWS Synthetic Monitoring Canaries",
            "id": "canary-role",
            "max_session_duration": 3600,
            "name": "canary-role",
            "path": "/",
            "permissions_boundary": "",
            "role_last_used": [
              {
                "last_used_date": "",
                "region": ""
              }
            ],
            "tags": {
              "Name": "canary"
            },
            "unique_id": "AROA6GF4BP7YJZPZPSDUN"
          },
          "sensitive_attributes": []
        }
      ]
    },
    {
      "module": "module.canary",
      "mode": "data",
      "type": "aws_region",
      "name": "current",
      "provider": "module.canary.provider[\"registry.terraform.io/hashicorp/aws\"]",
      "instances": [
        {
          "schema_version": 0,
          "attributes": {
            "description": "US East (N. Virginia)",
            "endpoint": "ec2.us-east-1.amazonaws.com",
            "id": "us-east-1",
            "name": "us-east-1"
          },
          "sensitive_attributes": []
        }
      ]
    },
    {
      "module": "module.canary",
      "mode": "data",
      "type": "aws_s3_bucket",
      "name": "s3_canaries-reports",
      "provider": "module.canary.provider[\"registry.terraform.io/hashicorp/aws\"]",
      "instances": [
        {
          "schema_version": 0,
          "attributes": {
            "arn": "arn:aws:s3:::canaries-reports-bucket-975351939056-us-east-1",
            "bucket": "canaries-reports-bucket-975351939056-us-east-1",
            "bucket_domain_name": "canaries-reports-bucket-975351939056-us-east-1.s3.amazonaws.com",
            "bucket_regional_domain_name": "canaries-reports-bucket-975351939056-us-east-1.s3.us-east-1.amazonaws.com",
            "hosted_zone_id": "Z3AQBSTGFYJSTF",
            "id": "canaries-reports-bucket-975351939056-us-east-1",
            "region": "us-east-1",
            "website_domain": null,
            "website_endpoint": null
          },
          "sensitive_attributes": []
        }
      ]
    },
    {
      "module": "module.canary_infra",
      "mode": "data",
      "type": "aws_caller_identity",
      "name": "current",
      "provider": "provider[\"registry.terraform.io/hashicorp/aws\"]",
      "instances": [
        {
          "schema_version": 0,
          "attributes": {
            "account_id": "975351939056",
            "arn": "arn:aws:iam::975351939056:root",
            "id": "975351939056",
            "user_id": "975351939056"
          },
          "sensitive_attributes": []
        }
      ]
    },
    {
      "module": "module.canary_infra",
      "mode": "data",
      "type": "aws_iam_policy_document",
      "name": "canary-assume-role-policy",
      "provider": "provider[\"registry.terraform.io/hashicorp/aws\"]",
      "instances": [
        {
          "schema_version": 0,
          "attributes": {
            "id": "2690255455",
            "json": "{\n  \"Version\": \"2012-10-17\",\n  \"Statement\": [\n    {\n      \"Effect\": \"Allow\",\n      \"Action\": \"sts:AssumeRole\",\n      \"Principal\": {\n        \"Service\": \"lambda.amazonaws.com\"\n      }\n    }\n  ]\n}",
            "minified_json": "{\"Version\":\"2012-10-17\",\"Statement\":[{\"Effect\":\"Allow\",\"Action\":\"sts:AssumeRole\",\"Principal\":{\"Service\":\"lambda.amazonaws.com\"}}]}",
            "override_json": null,
            "override_policy_documents": null,
            "policy_id": null,
            "source_json": null,
            "source_policy_documents": null,
            "statement": [
              {
                "actions": [
                  "sts:AssumeRole"
                ],
                "condition": [],
                "effect": "Allow",
                "not_actions": [],
                "not_principals": [],
                "not_resources": [],
                "principals": [
                  {
                    "identifiers": [
                      "lambda.amazonaws.com"
                    ],
                    "type": "Service"
                  }
                ],
                "resources": [],
                "sid": ""
              }
            ],
            "version": "2012-10-17"
          },
          "sensitive_attributes": []
        }
      ]
    },
    {
      "module": "module.canary_infra",
      "mode": "data",
      "type": "aws_iam_policy_document",
      "name": "canary-policy",
      "provider": "provider[\"registry.terraform.io/hashicorp/aws\"]",
      "instances": [
        {
          "schema_version": 0,
          "attributes": {
            "id": "354421432",
            "json": "{\n  \"Version\": \"2012-10-17\",\n  \"Statement\": [\n    {\n      \"Sid\": \"CanaryS3Permission1\",\n      \"Effect\": \"Allow\",\n      \"Action\": [\n        \"s3:PutObject\",\n        \"s3:ListAllMyBuckets\",\n        \"s3:GetBucketLocation\"\n      ],\n      \"Resource\": [\n        \"arn:aws:s3:::canaries-reports-bucket-975351939056-us-east-1/*\",\n        \"arn:aws:s3:::canaries-reports-bucket-975351939056-us-east-1\"\n      ]\n    },\n    {\n      \"Sid\": \"CanaryS3Permission2\",\n      \"Effect\": \"Allow\",\n      \"Action\": \"s3:ListAllMyBuckets\",\n      \"Resource\": \"arn:aws:s3:::*\"\n    },\n    {\n      \"Sid\": \"CanaryCloudWatchLogs\",\n      \"Effect\": \"Allow\",\n      \"Action\": [\n        \"logs:PutLogEvents\",\n        \"logs:CreateLogStream\",\n        \"logs:CreateLogGroup\"\n      ],\n      \"Resource\": \"arn:aws:logs:us-east-1:975351939056:log-group:/aws/lambda/*\"\n    },\n    {\n      \"Sid\": \"CanaryCloudWatchAlarm\",\n      \"Effect\": \"Allow\",\n      \"Action\": \"cloudwatch:PutMetricData\",\n      \"Resource\": \"*\",\n      \"Condition\": {\n        \"StringEquals\": {\n          \"cloudwatch:namespace\": \"CloudWatchSynthetics\"\n        }\n      }\n    },\n    {\n      \"Sid\": \"CanaryinVPC\",\n      \"Effect\": \"Allow\",\n      \"Action\": [\n        \"ec2:DescribeNetworkInterfaces\",\n        \"ec2:DescribeInstances\",\n        \"ec2:DeleteNetworkInterface\",\n        \"ec2:CreateNetworkInterface\",\n        \"ec2:AttachNetworkInterface\"\n      ],\n      \"Resource\": \"arn:aws:ec2:us-east-1:975351939056:network-interface/*\"\n    }\n  ]\n}",
            "minified_json": "{\"Version\":\"2012-10-17\",\"Statement\":[{\"Sid\":\"CanaryS3Permission1\",\"Effect\":\"Allow\",\"Action\":[\"s3:PutObject\",\"s3:ListAllMyBuckets\",\"s3:GetBucketLocation\"],\"Resource\":[\"arn:aws:s3:::canaries-reports-bucket-975351939056-us-east-1/*\",\"arn:aws:s3:::canaries-reports-bucket-975351939056-us-east-1\"]},{\"Sid\":\"CanaryS3Permission2\",\"Effect\":\"Allow\",\"Action\":\"s3:ListAllMyBuckets\",\"Resource\":\"arn:aws:s3:::*\"},{\"Sid\":\"CanaryCloudWatchLogs\",\"Effect\":\"Allow\",\"Action\":[\"logs:PutLogEvents\",\"logs:CreateLogStream\",\"logs:CreateLogGroup\"],\"Resource\":\"arn:aws:logs:us-east-1:975351939056:log-group:/aws/lambda/*\"},{\"Sid\":\"CanaryCloudWatchAlarm\",\"Effect\":\"Allow\",\"Action\":\"cloudwatch:PutMetricData\",\"Resource\":\"*\",\"Condition\":{\"StringEquals\":{\"cloudwatch:namespace\":\"CloudWatchSynthetics\"}}},{\"Sid\":\"CanaryinVPC\",\"Effect\":\"Allow\",\"Action\":[\"ec2:DescribeNetworkInterfaces\",\"ec2:DescribeInstances\",\"ec2:DeleteNetworkInterface\",\"ec2:CreateNetworkInterface\",\"ec2:AttachNetworkInterface\"],\"Resource\":\"arn:aws:ec2:us-east-1:975351939056:network-interface/*\"}]}",
            "override_json": null,
            "override_policy_documents": null,
            "policy_id": null,
            "source_json": null,
            "source_policy_documents": null,
            "statement": [
              {
                "actions": [
                  "s3:GetBucketLocation",
                  "s3:ListAllMyBuckets",
                  "s3:PutObject"
                ],
                "condition": [],
                "effect": "Allow",
                "not_actions": [],
                "not_principals": [],
                "not_resources": [],
                "principals": [],
                "resources": [
                  "arn:aws:s3:::canaries-reports-bucket-975351939056-us-east-1",
                  "arn:aws:s3:::canaries-reports-bucket-975351939056-us-east-1/*"
                ],
                "sid": "CanaryS3Permission1"
              },
              {
                "actions": [
                  "s3:ListAllMyBuckets"
                ],
                "condition": [],
                "effect": "Allow",
                "not_actions": [],
                "not_principals": [],
                "not_resources": [],
                "principals": [],
                "resources": [
                  "arn:aws:s3:::*"
                ],
                "sid": "CanaryS3Permission2"
              },
              {
                "actions": [
                  "logs:CreateLogGroup",
                  "logs:CreateLogStream",
                  "logs:PutLogEvents"
                ],
                "condition": [],
                "effect": "Allow",
                "not_actions": [],
                "not_principals": [],
                "not_resources": [],
                "principals": [],
                "resources": [
                  "arn:aws:logs:us-east-1:975351939056:log-group:/aws/lambda/*"
                ],
                "sid": "CanaryCloudWatchLogs"
              },
              {
                "actions": [
                  "cloudwatch:PutMetricData"
                ],
                "condition": [
                  {
                    "test": "StringEquals",
                    "values": [
                      "CloudWatchSynthetics"
                    ],
                    "variable": "cloudwatch:namespace"
                  }
                ],
                "effect": "Allow",
                "not_actions": [],
                "not_principals": [],
                "not_resources": [],
                "principals": [],
                "resources": [
                  "*"
                ],
                "sid": "CanaryCloudWatchAlarm"
              },
              {
                "actions": [
                  "ec2:AttachNetworkInterface",
                  "ec2:CreateNetworkInterface",
                  "ec2:DeleteNetworkInterface",
                  "ec2:DescribeInstances",
                  "ec2:DescribeNetworkInterfaces"
                ],
                "condition": [],
                "effect": "Allow",
                "not_actions": [],
                "not_principals": [],
                "not_resources": [],
                "principals": [],
                "resources": [
                  "arn:aws:ec2:us-east-1:975351939056:network-interface/*"
                ],
                "sid": "CanaryinVPC"
              }
            ],
            "version": "2012-10-17"
          },
          "sensitive_attributes": []
        }
      ]
    },
    {
      "module": "module.canary_infra",
      "mode": "data",
      "type": "aws_region",
      "name": "current",
      "provider": "provider[\"registry.terraform.io/hashicorp/aws\"]",
      "instances": [
        {
          "schema_version": 0,
          "attributes": {
            "description": "US East (N. Virginia)",
            "endpoint": "ec2.us-east-1.amazonaws.com",
            "id": "us-east-1",
            "name": "us-east-1"
          },
          "sensitive_attributes": []
        }
      ]
    },
    {
      "module": "module.canary_infra",
      "mode": "managed",
      "type": "aws_iam_policy",
      "name": "canary-policy",
      "provider": "provider[\"registry.terraform.io/hashicorp/aws\"]",
      "instances": [
        {
          "schema_version": 0,
          "attributes": {
            "arn": "arn:aws:iam::975351939056:policy/canary-policy",
            "attachment_count": 1,
            "description": "IAM role for AWS Synthetic Monitoring Canaries",
            "id": "arn:aws:iam::975351939056:policy/canary-policy",
            "name": "canary-policy",
            "name_prefix": "",
            "path": "/",
            "policy": "{\"Statement\":[{\"Action\":[\"s3:PutObject\",\"s3:ListAllMyBuckets\",\"s3:GetBucketLocation\"],\"Effect\":\"Allow\",\"Resource\":[\"arn:aws:s3:::canaries-reports-bucket-975351939056-us-east-1/*\",\"arn:aws:s3:::canaries-reports-bucket-975351939056-us-east-1\"],\"Sid\":\"CanaryS3Permission1\"},{\"Action\":\"s3:ListAllMyBuckets\",\"Effect\":\"Allow\",\"Resource\":\"arn:aws:s3:::*\",\"Sid\":\"CanaryS3Permission2\"},{\"Action\":[\"logs:PutLogEvents\",\"logs:CreateLogStream\",\"logs:CreateLogGroup\"],\"Effect\":\"Allow\",\"Resource\":\"arn:aws:logs:us-east-1:975351939056:log-group:/aws/lambda/*\",\"Sid\":\"CanaryCloudWatchLogs\"},{\"Action\":\"cloudwatch:PutMetricData\",\"Condition\":{\"StringEquals\":{\"cloudwatch:namespace\":\"CloudWatchSynthetics\"}},\"Effect\":\"Allow\",\"Resource\":\"*\",\"Sid\":\"CanaryCloudWatchAlarm\"},{\"Action\":[\"ec2:DescribeNetworkInterfaces\",\"ec2:DescribeInstances\",\"ec2:DeleteNetworkInterface\",\"ec2:CreateNetworkInterface\",\"ec2:AttachNetworkInterface\"],\"Effect\":\"Allow\",\"Resource\":\"arn:aws:ec2:us-east-1:975351939056:network-interface/*\",\"Sid\":\"CanaryinVPC\"}],\"Version\":\"2012-10-17\"}",
            "policy_id": "ANPA6GF4BP7YKTFRPDHTD",
            "tags": {
              "Name": "canary"
            },
            "tags_all": {
              "Name": "canary"
            }
          },
          "sensitive_attributes": [],
          "private": "bnVsbA==",
          "dependencies": [
            "module.canary_infra.aws_s3_bucket.canaries_reports_bucket",
            "module.canary_infra.data.aws_caller_identity.current",
            "module.canary_infra.data.aws_iam_policy_document.canary-policy",
            "module.canary_infra.data.aws_region.current"
          ]
        }
      ]
    },
    {
      "module": "module.canary_infra",
      "mode": "managed",
      "type": "aws_iam_role",
      "name": "canary-role",
      "provider": "provider[\"registry.terraform.io/hashicorp/aws\"]",
      "instances": [
        {
          "schema_version": 0,
          "attributes": {
            "arn": "arn:aws:iam::975351939056:role/canary-role",
            "assume_role_policy": "{\"Statement\":[{\"Action\":\"sts:AssumeRole\",\"Effect\":\"Allow\",\"Principal\":{\"Service\":\"lambda.amazonaws.com\"}}],\"Version\":\"2012-10-17\"}",
            "create_date": "2025-04-20T19:02:41Z",
            "description": "IAM role for AWS Synthetic Monitoring Canaries",
            "force_detach_policies": false,
            "id": "canary-role",
            "inline_policy": [],
            "managed_policy_arns": [
              "arn:aws:iam::975351939056:policy/canary-policy",
              "arn:aws:iam::aws:policy/service-role/AWSLambdaVPCAccessExecutionRole"
            ],
            "max_session_duration": 3600,
            "name": "canary-role",
            "name_prefix": "",
            "path": "/",
            "permissions_boundary": "",
            "tags": {
              "Name": "canary"
            },
            "tags_all": {
              "Name": "canary"
            },
            "unique_id": "AROA6GF4BP7YJZPZPSDUN"
          },
          "sensitive_attributes": [],
          "private": "bnVsbA==",
          "dependencies": [
            "module.canary_infra.data.aws_iam_policy_document.canary-assume-role-policy"
          ]
        }
      ]
    },
    {
      "module": "module.canary_infra",
      "mode": "managed",
      "type": "aws_iam_role_policy_attachment",
      "name": "AWSLambdaVPCAccessExecutionRole",
      "provider": "provider[\"registry.terraform.io/hashicorp/aws\"]",
      "instances": [
        {
          "schema_version": 0,
          "attributes": {
            "id": "canary-role-20250420190243178600000001",
            "policy_arn": "arn:aws:iam::aws:policy/service-role/AWSLambdaVPCAccessExecutionRole",
            "role": "canary-role"
          },
          "sensitive_attributes": [],
          "private": "bnVsbA==",
          "dependencies": [
            "module.canary_infra.aws_iam_role.canary-role",
            "module.canary_infra.data.aws_iam_policy_document.canary-assume-role-policy"
          ]
        }
      ]
    },
    {
      "module": "module.canary_infra",
      "mode": "managed",
      "type": "aws_iam_role_policy_attachment",
      "name": "canary-policy-attachment",
      "provider": "provider[\"registry.terraform.io/hashicorp/aws\"]",
      "instances": [
        {
          "schema_version": 0,
          "attributes": {
            "id": "canary-role-20250420190247361900000002",
            "policy_arn": "arn:aws:iam::975351939056:policy/canary-policy",
            "role": "canary-role"
          },
          "sensitive_attributes": [],
          "private": "bnVsbA==",
          "dependencies": [
            "module.canary_infra.aws_iam_policy.canary-policy",
            "module.canary_infra.aws_iam_role.canary-role",
            "module.canary_infra.aws_s3_bucket.canaries_reports_bucket",
            "module.canary_infra.data.aws_caller_identity.current",
            "module.canary_infra.data.aws_iam_policy_document.canary-assume-role-policy",
            "module.canary_infra.data.aws_iam_policy_document.canary-policy",
            "module.canary_infra.data.aws_region.current"
          ]
        }
      ]
    },
    {
      "module": "module.canary_infra",
      "mode": "managed",
      "type": "aws_kms_key",
      "name": "canaries_reports_bucket_encryption_key",
      "provider": "provider[\"registry.terraform.io/hashicorp/aws\"]",
      "instances": [
        {
          "schema_version": 0,
          "attributes": {
            "arn": "arn:aws:kms:us-east-1:975351939056:key/463c3ed3-24f3-488f-8caa-07c683fe914f",
            "bypass_policy_lockout_safety_check": false,
            "custom_key_store_id": "",
            "customer_master_key_spec": "SYMMETRIC_DEFAULT",
            "deletion_window_in_days": null,
            "description": "",
            "enable_key_rotation": true,
            "id": "463c3ed3-24f3-488f-8caa-07c683fe914f",
            "is_enabled": true,
            "key_id": "463c3ed3-24f3-488f-8caa-07c683fe914f",
            "key_usage": "ENCRYPT_DECRYPT",
            "multi_region": false,
            "policy": "{\"Id\":\"key-default-1\",\"Statement\":[{\"Action\":\"kms:*\",\"Effect\":\"Allow\",\"Principal\":{\"AWS\":\"arn:aws:iam::975351939056:root\"},\"Resource\":\"*\",\"Sid\":\"Enable IAM User Permissions\"}],\"Version\":\"2012-10-17\"}",
            "rotation_period_in_days": 365,
            "tags": {},
            "tags_all": {},
            "timeouts": null,
            "xks_key_id": ""
          },
          "sensitive_attributes": [],
          "private": "eyJlMmJmYjczMC1lY2FhLTExZTYtOGY4OC0zNDM2M2JjN2M0YzAiOnsiY3JlYXRlIjoxMjAwMDAwMDAwMDB9fQ=="
        }
      ]
    },
    {
      "module": "module.canary_infra",
      "mode": "managed",
      "type": "aws_s3_bucket",
      "name": "canaries_reports_bucket",
      "provider": "provider[\"registry.terraform.io/hashicorp/aws\"]",
      "instances": [
        {
          "schema_version": 0,
          "attributes": {
            "acceleration_status": "",
            "acl": null,
            "arn": "arn:aws:s3:::canaries-reports-bucket-975351939056-us-east-1",
            "bucket": "canaries-reports-bucket-975351939056-us-east-1",
            "bucket_domain_name": "canaries-reports-bucket-975351939056-us-east-1.s3.amazonaws.com",
            "bucket_prefix": "",
            "bucket_regional_domain_name": "canaries-reports-bucket-975351939056-us-east-1.s3.us-east-1.amazonaws.com",
            "cors_rule": [],
            "force_destroy": false,
            "grant": [
              {
                "id": "e41acebea84953f091aef950a01ce9b5387232fd9a7a199f46785347a1936945",
                "permissions": [
                  "FULL_CONTROL"
                ],
                "type": "CanonicalUser",
                "uri": ""
              }
            ],
            "hosted_zone_id": "Z3AQBSTGFYJSTF",
            "id": "canaries-reports-bucket-975351939056-us-east-1",
            "lifecycle_rule": [
              {
                "abort_incomplete_multipart_upload_days": 0,
                "enabled": true,
                "expiration": [],
                "id": "config",
                "noncurrent_version_expiration": [
                  {
                    "days": 30
                  }
                ],
                "noncurrent_version_transition": [],
                "prefix": "",
                "tags": {},
                "transition": []
              }
            ],
            "logging": [],
            "object_lock_configuration": [],
            "object_lock_enabled": false,
            "policy": "{\"Id\":\"CanariesReportsBucketPolicy\",\"Statement\":[{\"Action\":\"s3:*\",\"Effect\":\"Allow\",\"Principal\":{\"AWS\":\"arn:aws:iam::975351939056:root\"},\"Resource\":\"arn:aws:s3:::canaries-reports-bucket-975351939056-us-east-1/*\",\"Sid\":\"Permissions\"},{\"Action\":\"s3:*\",\"Condition\":{\"Bool\":{\"aws:SecureTransport\":\"false\"}},\"Effect\":\"Deny\",\"Principal\":\"*\",\"Resource\":[\"arn:aws:s3:::canaries-reports-bucket-975351939056-us-east-1\",\"arn:aws:s3:::canaries-reports-bucket-975351939056-us-east-1/*\"],\"Sid\":\"AllowSSLRequestsOnly\"}],\"Version\":\"2012-10-17\"}",
            "region": "us-east-1",
            "replication_configuration": [],
            "request_payer": "BucketOwner",
            "server_side_encryption_configuration": [
              {
                "rule": [
                  {
                    "apply_server_side_encryption_by_default": [
                      {
                        "kms_master_key_id": "arn:aws:kms:us-east-1:975351939056:key/463c3ed3-24f3-488f-8caa-07c683fe914f",
                        "sse_algorithm": "aws:kms"
                      }
                    ],
                    "bucket_key_enabled": false
                  }
                ]
              }
            ],
            "tags": {
              "Name": "canary"
            },
            "tags_all": {
              "Name": "canary"
            },
            "timeouts": null,
            "versioning": [
              {
                "enabled": true,
                "mfa_delete": false
              }
            ],
            "website": [],
            "website_domain": null,
            "website_endpoint": null
          },
          "sensitive_attributes": [],
          "private": "eyJlMmJmYjczMC1lY2FhLTExZTYtOGY4OC0zNDM2M2JjN2M0YzAiOnsiY3JlYXRlIjoxMjAwMDAwMDAwMDAwLCJkZWxldGUiOjM2MDAwMDAwMDAwMDAsInJlYWQiOjEyMDAwMDAwMDAwMDAsInVwZGF0ZSI6MTIwMDAwMDAwMDAwMH19",
          "dependencies": [
            "module.canary_infra.data.aws_caller_identity.current",
            "module.canary_infra.data.aws_region.current"
          ]
        }
      ]
    },
    {
      "module": "module.canary_infra",
      "mode": "managed",
      "type": "aws_s3_bucket_lifecycle_configuration",
      "name": "canaries_reports_bucket_lifecycle_configuration",
      "provider": "provider[\"registry.terraform.io/hashicorp/aws\"]",
      "instances": [
        {
          "schema_version": 0,
          "attributes": {
            "bucket": "canaries-reports-bucket-975351939056-us-east-1",
            "expected_bucket_owner": "",
            "id": "canaries-reports-bucket-975351939056-us-east-1",
            "rule": [
              {
                "abort_incomplete_multipart_upload": [],
                "expiration": [],
                "filter": [
                  {
                    "and": [],
                    "object_size_greater_than": "",
                    "object_size_less_than": "",
                    "prefix": "",
                    "tag": []
                  }
                ],
                "id": "config",
                "noncurrent_version_expiration": [
                  {
                    "newer_noncurrent_versions": "",
                    "noncurrent_days": 30
                  }
                ],
                "noncurrent_version_transition": [],
                "prefix": "",
                "status": "Enabled",
                "transition": []
              }
            ],
            "timeouts": null
          },
          "sensitive_attributes": [],
          "private": "eyJlMmJmYjczMC1lY2FhLTExZTYtOGY4OC0zNDM2M2JjN2M0YzAiOnsiY3JlYXRlIjoxODAwMDAwMDAwMDAsInVwZGF0ZSI6MTgwMDAwMDAwMDAwfX0=",
          "dependencies": [
            "module.canary_infra.aws_s3_bucket.canaries_reports_bucket",
            "module.canary_infra.data.aws_caller_identity.current",
            "module.canary_infra.data.aws_region.current"
          ]
        }
      ]
    },
    {
      "module": "module.canary_infra",
      "mode": "managed",
      "type": "aws_s3_bucket_policy",
      "name": "canaries_reports_bucket-policy",
      "provider": "provider[\"registry.terraform.io/hashicorp/aws\"]",
      "instances": [
        {
          "schema_version": 0,
          "attributes": {
            "bucket": "canaries-reports-bucket-975351939056-us-east-1",
            "id": "canaries-reports-bucket-975351939056-us-east-1",
            "policy": "{\"Id\":\"CanariesReportsBucketPolicy\",\"Statement\":[{\"Action\":[\"s3:*\"],\"Effect\":\"Allow\",\"Principal\":{\"AWS\":\"975351939056\"},\"Resource\":[\"arn:aws:s3:::canaries-reports-bucket-975351939056-us-east-1/*\"],\"Sid\":\"Permissions\"},{\"Action\":\"s3:*\",\"Condition\":{\"Bool\":{\"aws:SecureTransport\":\"false\"}},\"Effect\":\"Deny\",\"Principal\":\"*\",\"Resource\":[\"arn:aws:s3:::canaries-reports-bucket-975351939056-us-east-1\",\"arn:aws:s3:::canaries-reports-bucket-975351939056-us-east-1/*\"],\"Sid\":\"AllowSSLRequestsOnly\"}],\"Version\":\"2012-10-17\"}"
          },
          "sensitive_attributes": [],
          "private": "bnVsbA==",
          "dependencies": [
            "module.canary_infra.aws_s3_bucket.canaries_reports_bucket",
            "module.canary_infra.data.aws_caller_identity.current",
            "module.canary_infra.data.aws_region.current"
          ]
        }
      ]
    },
    {
      "module": "module.canary_infra",
      "mode": "managed",
      "type": "aws_s3_bucket_public_access_block",
      "name": "canaries_reports_bucket_block_public_access",
      "provider": "provider[\"registry.terraform.io/hashicorp/aws\"]",
      "instances": [
        {
          "schema_version": 0,
          "attributes": {
            "block_public_acls": true,
            "block_public_policy": true,
            "bucket": "canaries-reports-bucket-975351939056-us-east-1",
            "id": "canaries-reports-bucket-975351939056-us-east-1",
            "ignore_public_acls": true,
            "restrict_public_buckets": true
          },
          "sensitive_attributes": [],
          "private": "bnVsbA==",
          "dependencies": [
            "module.canary_infra.aws_s3_bucket.canaries_reports_bucket",
            "module.canary_infra.data.aws_caller_identity.current",
            "module.canary_infra.data.aws_region.current"
          ]
        }
      ]
    },
    {
      "module": "module.canary_infra",
      "mode": "managed",
      "type": "aws_s3_bucket_server_side_encryption_configuration",
      "name": "canaries_reports_bucket_encryption_configuration",
      "provider": "provider[\"registry.terraform.io/hashicorp/aws\"]",
      "instances": [
        {
          "schema_version": 0,
          "attributes": {
            "bucket": "canaries-reports-bucket-975351939056-us-east-1",
            "expected_bucket_owner": "",
            "id": "canaries-reports-bucket-975351939056-us-east-1",
            "rule": [
              {
                "apply_server_side_encryption_by_default": [
                  {
                    "kms_master_key_id": "arn:aws:kms:us-east-1:975351939056:key/463c3ed3-24f3-488f-8caa-07c683fe914f",
                    "sse_algorithm": "aws:kms"
                  }
                ],
                "bucket_key_enabled": false
              }
            ]
          },
          "sensitive_attributes": [],
          "private": "bnVsbA==",
          "dependencies": [
            "module.canary_infra.aws_kms_key.canaries_reports_bucket_encryption_key",
            "module.canary_infra.aws_s3_bucket.canaries_reports_bucket",
            "module.canary_infra.data.aws_caller_identity.current",
            "module.canary_infra.data.aws_region.current"
          ]
        }
      ]
    },
    {
      "module": "module.canary_infra",
      "mode": "managed",
      "type": "aws_s3_bucket_versioning",
      "name": "canaries_reports_bucket_versioning",
      "provider": "provider[\"registry.terraform.io/hashicorp/aws\"]",
      "instances": [
        {
          "schema_version": 0,
          "attributes": {
            "bucket": "canaries-reports-bucket-975351939056-us-east-1",
            "expected_bucket_owner": "",
            "id": "canaries-reports-bucket-975351939056-us-east-1",
            "mfa": null,
            "versioning_configuration": [
              {
                "mfa_delete": "",
                "status": "Enabled"
              }
            ]
          },
          "sensitive_attributes": [],
          "private": "bnVsbA==",
          "dependencies": [
            "module.canary_infra.aws_s3_bucket.canaries_reports_bucket",
            "module.canary_infra.data.aws_caller_identity.current",
            "module.canary_infra.data.aws_region.current"
          ]
        }
      ]
    },
    {
      "module": "module.canary_infra",
      "mode": "managed",
      "type": "aws_security_group",
      "name": "canary_endpoints_sg",
      "provider": "provider[\"registry.terraform.io/hashicorp/aws\"]",
      "instances": [
        {
          "schema_version": 1,
          "attributes": {
            "arn": "arn:aws:ec2:us-east-1:975351939056:security-group/sg-04a247690a390c8c6",
            "description": "Security group attached to interface endpoints",
            "egress": [],
            "id": "sg-04a247690a390c8c6",
            "ingress": [
              {
                "cidr_blocks": [],
                "description": "Allow calls from canary to HTTPS",
                "from_port": 443,
                "ipv6_cidr_blocks": [],
                "prefix_list_ids": [],
                "protocol": "tcp",
                "security_groups": [
                  "sg-01ac4f5a5eddeb62a"
                ],
                "self": false,
                "to_port": 443
              }
            ],
            "name": "canary_endpoints_sg",
            "name_prefix": "",
            "owner_id": "975351939056",
            "revoke_rules_on_delete": false,
            "tags": {
              "Name": "canary"
            },
            "tags_all": {
              "Name": "canary"
            },
            "timeouts": null,
            "vpc_id": "vpc-01b702edb5051d41e"
          },
          "sensitive_attributes": [],
          "private": "eyJlMmJmYjczMC1lY2FhLTExZTYtOGY4OC0zNDM2M2JjN2M0YzAiOnsiY3JlYXRlIjo2MDAwMDAwMDAwMDAsImRlbGV0ZSI6OTAwMDAwMDAwMDAwfSwic2NoZW1hX3ZlcnNpb24iOiIxIn0=",
          "dependencies": [
            "module.canary_infra.aws_security_group.canary_sg"
          ]
        }
      ]
    },
    {
      "module": "module.canary_infra",
      "mode": "managed",
      "type": "aws_security_group",
      "name": "canary_sg",
      "provider": "provider[\"registry.terraform.io/hashicorp/aws\"]",
      "instances": [
        {
          "schema_version": 1,
          "attributes": {
            "arn": "arn:aws:ec2:us-east-1:975351939056:security-group/sg-01ac4f5a5eddeb62a",
            "description": "Allow canaries to call the services they need to call",
            "egress": [
              {
                "cidr_blocks": [
                  "0.0.0.0/0"
                ],
                "description": "Allow calls from canary to DNS",
                "from_port": 53,
                "ipv6_cidr_blocks": [],
                "prefix_list_ids": [],
                "protocol": "tcp",
                "security_groups": [],
                "self": false,
                "to_port": 53
              },
              {
                "cidr_blocks": [
                  "0.0.0.0/0"
                ],
                "description": "Allow calls from canary to HTTP",
                "from_port": 80,
                "ipv6_cidr_blocks": [],
                "prefix_list_ids": [],
                "protocol": "tcp",
                "security_groups": [],
                "self": false,
                "to_port": 80
              },
              {
                "cidr_blocks": [
                  "0.0.0.0/0"
                ],
                "description": "Allow calls from canary to HTTPS",
                "from_port": 443,
                "ipv6_cidr_blocks": [],
                "prefix_list_ids": [],
                "protocol": "tcp",
                "security_groups": [],
                "self": false,
                "to_port": 443
              }
            ],
            "id": "sg-01ac4f5a5eddeb62a",
            "ingress": [],
            "name": "canary_sg",
            "name_prefix": "",
            "owner_id": "975351939056",
            "revoke_rules_on_delete": false,
            "tags": {
              "Name": "canary"
            },
            "tags_all": {
              "Name": "canary"
            },
            "timeouts": null,
            "vpc_id": "vpc-01b702edb5051d41e"
          },
          "sensitive_attributes": [],
          "private": "eyJlMmJmYjczMC1lY2FhLTExZTYtOGY4OC0zNDM2M2JjN2M0YzAiOnsiY3JlYXRlIjo2MDAwMDAwMDAwMDAsImRlbGV0ZSI6OTAwMDAwMDAwMDAwfSwic2NoZW1hX3ZlcnNpb24iOiIxIn0="
        }
      ]
    }
  ],
  "check_results": [
    {
      "object_kind": "var",
      "config_addr": "var.runtime_version",
      "status": "pass",
      "objects": [
        {
          "object_addr": "var.runtime_version",
          "status": "pass"
        }
      ]
    }
  ]
}
